
Microsoft Visual Studio Solution File, Format Version 12.00
# Visual Studio 2013
VisualStudioVersion = 12.0.30501.0
MinimumVisualStudioVersion = 10.0.40219.1
Project("{8BC9CEB8-8B4A-11D0-8D11-00A0C91BC942}") = "Huffman压缩", "Huffman压缩\Huffman压缩.vcxproj", "{A589DD75-58DF-4AF2-8933-785350A758E8}"
EndProject
Global
	GlobalSection(SolutionConfigurationPlatforms) = preSolution
		Debug|Win32 = Debug|Win32
		Release|Win32 = Release|Win32
	EndGlobalSection
	GlobalSection(ProjectConfigurationPlatforms) = postSolution
		{A589DD75-58DF-4AF2-8933-785350A758E8}.Debug|Win32.ActiveCfg = Debug|Win32
		{A589DD75-58DF-4AF2-8933-785350A758E8}.Debug|Win32.Build.0 = Debug|Win32
		{A589DD75-58DF-4AF2-8933-785350A758E8}.Release|Win32.ActiveCfg = Release|Win32
		{A589DD75-58DF-4AF2-8933-785350A758E8}.Release|Win32.Build.0 = Release|Win32
	EndGlobalSection
	GlobalSection(SolutionProperties) = preSolution
		HideSolutionNode = FALSE
	EndGlobalSection
EndGlobal
